{
  "version": 4,
  "terraform_version": "0.12.17",
  "serial": 18,
  "lineage": "6e8e8902-f59c-7d14-6050-d9f17035157f",
  "outputs": {},
  "resources": [
    {
      "mode": "managed",
      "type": "google_container_cluster",
      "name": "primary",
      "provider": "provider.google",
      "instances": [
        {
          "schema_version": 1,
          "attributes": {
            "additional_zones": null,
            "addons_config": [
              {
                "horizontal_pod_autoscaling": [],
                "http_load_balancing": [],
                "kubernetes_dashboard": [],
                "network_policy_config": [
                  {
                    "disabled": true
                  }
                ]
              }
            ],
            "authenticator_groups_config": [],
            "cluster_autoscaling": [
              {
                "auto_provisioning_defaults": [],
                "enabled": false,
                "resource_limits": []
              }
            ],
            "cluster_ipv4_cidr": "10.20.0.0/14",
            "default_max_pods_per_node": 110,
            "description": "",
            "enable_binary_authorization": null,
            "enable_intranode_visibility": null,
            "enable_kubernetes_alpha": false,
            "enable_legacy_abac": false,
            "enable_tpu": null,
            "endpoint": "34.83.164.222",
            "id": "projects/csc3065a3/locations/us-west1/clusters/csc3065a3-cluster",
            "initial_node_count": 1,
            "instance_group_urls": [],
            "ip_allocation_policy": [
              {
                "cluster_ipv4_cidr_block": "10.20.0.0/14",
                "cluster_secondary_range_name": "gke-csc3065a3-cluster-pods-485f46f7",
                "create_subnetwork": false,
                "node_ipv4_cidr_block": "",
                "services_ipv4_cidr_block": "10.86.0.0/20",
                "services_secondary_range_name": "gke-csc3065a3-cluster-services-485f46f7",
                "subnetwork_name": "",
                "use_ip_aliases": false
              }
            ],
            "location": "us-west1",
            "logging_service": "logging.googleapis.com/kubernetes",
            "maintenance_policy": [],
            "master_auth": [
              {
                "client_certificate": "",
                "client_certificate_config": [
                  {
                    "issue_client_certificate": false
                  }
                ],
                "client_key": "",
                "cluster_ca_certificate": "LS0tLS1CRUdJTiBDRVJUSUZJQ0FURS0tLS0tCk1JSURDekNDQWZPZ0F3SUJBZ0lRZUVOUkN3TDBDQzZVWWVlaHp6ZVZGVEFOQmdrcWhraUc5dzBCQVFzRkFEQXYKTVMwd0t3WURWUVFERXlSaE5UWmpaV1EzWWkwd1l6SXlMVFF5TWpBdE9URTVaaTAwTURSa05tWmhZV0UyTkRVdwpIaGNOTVRreE1qSXlNakUxTkRRd1doY05NalF4TWpJd01qSTFORFF3V2pBdk1TMHdLd1lEVlFRREV5UmhOVFpqClpXUTNZaTB3WXpJeUxUUXlNakF0T1RFNVppMDBNRFJrTm1aaFlXRTJORFV3Z2dFaU1BMEdDU3FHU0liM0RRRUIKQVFVQUE0SUJEd0F3Z2dFS0FvSUJBUURadzJMNmVNYlVPNkpGZldMdmNGRnVUSzFkc2dOeDYwazNaSDVRQVMxUQpLWEhEVHFrMk1wa3ErQTlnMXpxblk1Q0pnZFVVakFkbkF5TWx6cHdkbm9FRzdJTUxyWGorVnUybmYyMXQwNDdmCkg5TXU4LzhmeC9Ec1dreXFjRDhTU2xzTHJ3WWFRakNVc2MwL0JJN2lLQk1ReGxPRGlKWW9IUGF1aXdZZlMyalYKd2sycDN3WGtnS3p3T0RaS2dIVXZkeVZYU0FSdnhaODIxQUI2TzdmYTUzMjFxYndzaXhNMFFhZFRkWHJhT0RJOApUd0hiZ2N2blZLTzFHQWFxN24xVm80VTYxaW9WWHNBanNoQXBScXV0MHNsaXJRNkZwdjE3VlJwd0xpVUk5eE95Cm1ib29SeDE1K1pLQzdiTlRIUVQzQVVGL2JOdFpyRmZhcCs1bHpFdTlZeTRwQWdNQkFBR2pJekFoTUE0R0ExVWQKRHdFQi93UUVBd0lDQkRBUEJnTlZIUk1CQWY4RUJUQURBUUgvTUEwR0NTcUdTSWIzRFFFQkN3VUFBNElCQVFESwpZM3VTTzBQNFBITWVzbG1nb21wN256elcyMloxTk85RW5neU8yK0xBNFE4djNUalJSMHJ4VnFlMDVLR2lqTG1tCnBhTFhTYnplYzRrdW5BQ3F5TUE0OUdiRDhGZGgyWDRZd0VEWFV4aDhxVEdSY1BiVWhMK0MrOE13aXphVTJaWS8KV1J5UkVRS3drMTYxM29SdGttQVdZMHlCb0c5YnFGVlZaKzFGUHdiN296QmpFemVZNTVYaFBWUFNLTTFoaDA5ZApRVGorelEvZ0ZxM3gyZnR4ZVFzTlBIeENyb2hBTk1MWUpKYko1Zy9NYlF0UjRWMnpkOUdvZlZJMWJxc0JrYjZnCmJjdzJoSDRoTkVWcEI0bEFNQVJTWUUwUWVSOEFFVXU4cG1IZlpEbUt3RkJ6MnZEbFR0ekVORXpicVNxekx5dk0KWnlkcUhsVzhMZHVOdlBRQ0p3WkcKLS0tLS1FTkQgQ0VSVElGSUNBVEUtLS0tLQo=",
                "password": "",
                "username": ""
              }
            ],
            "master_authorized_networks_config": [],
            "master_version": "1.13.11-gke.14",
            "min_master_version": null,
            "monitoring_service": "monitoring.googleapis.com/kubernetes",
            "name": "csc3065a3-cluster",
            "network": "projects/csc3065a3/global/networks/default",
            "network_policy": [
              {
                "enabled": false,
                "provider": "PROVIDER_UNSPECIFIED"
              }
            ],
            "node_config": [],
            "node_locations": [
              "us-west1-a",
              "us-west1-b",
              "us-west1-c"
            ],
            "node_pool": [],
            "node_version": "1.13.11-gke.14",
            "pod_security_policy_config": [],
            "private_cluster_config": [],
            "project": "csc3065a3",
            "region": null,
            "remove_default_node_pool": true,
            "resource_labels": null,
            "services_ipv4_cidr": "10.86.0.0/20",
            "subnetwork": "projects/csc3065a3/regions/us-west1/subnetworks/default",
            "timeouts": null,
            "vertical_pod_autoscaling": [],
            "zone": null
          },
          "private": "eyJlMmJmYjczMC1lY2FhLTExZTYtOGY4OC0zNDM2M2JjN2M0YzAiOnsiY3JlYXRlIjoyNDAwMDAwMDAwMDAwLCJkZWxldGUiOjI0MDAwMDAwMDAwMDAsInVwZGF0ZSI6MzYwMDAwMDAwMDAwMH0sInNjaGVtYV92ZXJzaW9uIjoiMSJ9"
        }
      ]
    },
    {
      "mode": "managed",
      "type": "kubernetes_pod",
      "name": "nginx",
      "provider": "provider.kubernetes",
      "instances": [
        {
          "schema_version": 0,
          "attributes": {
            "id": "default/nginx-example",
            "metadata": [
              {
                "annotations": {},
                "generate_name": "",
                "generation": 0,
                "labels": {
                  "App": "nginx"
                },
                "name": "nginx-example",
                "namespace": "default",
                "resource_version": "5884991",
                "self_link": "/api/v1/namespaces/default/pods/nginx-example",
                "uid": "5fba6fff-2456-11ea-8051-42010a8000e2"
              }
            ],
            "spec": [
              {
                "active_deadline_seconds": 0,
                "affinity": [],
                "automount_service_account_token": false,
                "container": [
                  {
                    "args": [],
                    "command": [],
                    "env": [],
                    "env_from": [],
                    "image": "nginx:1.7.8",
                    "image_pull_policy": "IfNotPresent",
                    "lifecycle": [],
                    "liveness_probe": [],
                    "name": "example",
                    "port": [
                      {
                        "container_port": 80,
                        "host_ip": "",
                        "host_port": 0,
                        "name": "",
                        "protocol": "TCP"
                      }
                    ],
                    "readiness_probe": [],
                    "resources": [
                      {
                        "limits": [],
                        "requests": [
                          {
                            "cpu": "100m",
                            "memory": ""
                          }
                        ]
                      }
                    ],
                    "security_context": [],
                    "stdin": false,
                    "stdin_once": false,
                    "termination_message_path": "/dev/termination-log",
                    "tty": false,
                    "volume_mount": [],
                    "working_dir": ""
                  }
                ],
                "dns_config": [],
                "dns_policy": "ClusterFirst",
                "host_aliases": [],
                "host_ipc": false,
                "host_network": false,
                "host_pid": false,
                "hostname": "",
                "image_pull_secrets": [],
                "init_container": [],
                "node_name": "gke-standard-cluster-1-one-5e887838-j97g",
                "node_selector": {},
                "priority_class_name": "",
                "restart_policy": "Always",
                "security_context": [],
                "service_account_name": "default",
                "share_process_namespace": false,
                "subdomain": "",
                "termination_grace_period_seconds": 30,
                "toleration": [],
                "volume": []
              }
            ],
            "timeouts": null
          },
          "private": "eyJlMmJmYjczMC1lY2FhLTExZTYtOGY4OC0zNDM2M2JjN2M0YzAiOnsiY3JlYXRlIjozMDAwMDAwMDAwMDAsImRlbGV0ZSI6MzAwMDAwMDAwMDAwfX0="
        }
      ]
    }
  ]
}
